
Microsoft Visual Studio Solution File, Format Version 12.00
# Visual Studio Version 17
VisualStudioVersion = 17.14.36203.30
MinimumVisualStudioVersion = 10.0.40219.1
Project("{FAE04EC0-301F-11D3-BF4B-00C04F79EFBC}") = "CqrsDemo.Api", "CqrsDemo.Api\CqrsDemo.Api.csproj", "{675A8C0F-295C-457C-B812-7E7FBB64CB76}"
EndProject
Project("{FAE04EC0-301F-11D3-BF4B-00C04F79EFBC}") = "CqrsSourceGenerator", "CqrsSourceGenerator\CqrsSourceGenerator.csproj", "{89E349C1-6942-4450-8FCB-67065235B7A5}"
EndProject
Project("{FAE04EC0-301F-11D3-BF4B-00C04F79EFBC}") = "CqrsAttributes", "CqrsAttributes\CqrsAttributes.csproj", "{B7A59081-397D-4EF1-8010-FAF58EDE6852}"
EndProject
Global
	GlobalSection(SolutionConfigurationPlatforms) = preSolution
		Debug|Any CPU = Debug|Any CPU
		Release|Any CPU = Release|Any CPU
	EndGlobalSection
	GlobalSection(ProjectConfigurationPlatforms) = postSolution
		{675A8C0F-295C-457C-B812-7E7FBB64CB76}.Debug|Any CPU.ActiveCfg = Debug|Any CPU
		{675A8C0F-295C-457C-B812-7E7FBB64CB76}.Debug|Any CPU.Build.0 = Debug|Any CPU
		{675A8C0F-295C-457C-B812-7E7FBB64CB76}.Release|Any CPU.ActiveCfg = Release|Any CPU
		{675A8C0F-295C-457C-B812-7E7FBB64CB76}.Release|Any CPU.Build.0 = Release|Any CPU
		{89E349C1-6942-4450-8FCB-67065235B7A5}.Debug|Any CPU.ActiveCfg = Debug|Any CPU
		{89E349C1-6942-4450-8FCB-67065235B7A5}.Debug|Any CPU.Build.0 = Debug|Any CPU
		{89E349C1-6942-4450-8FCB-67065235B7A5}.Release|Any CPU.ActiveCfg = Release|Any CPU
		{89E349C1-6942-4450-8FCB-67065235B7A5}.Release|Any CPU.Build.0 = Release|Any CPU
		{B7A59081-397D-4EF1-8010-FAF58EDE6852}.Debug|Any CPU.ActiveCfg = Debug|Any CPU
		{B7A59081-397D-4EF1-8010-FAF58EDE6852}.Debug|Any CPU.Build.0 = Debug|Any CPU
		{B7A59081-397D-4EF1-8010-FAF58EDE6852}.Release|Any CPU.ActiveCfg = Release|Any CPU
		{B7A59081-397D-4EF1-8010-FAF58EDE6852}.Release|Any CPU.Build.0 = Release|Any CPU
	EndGlobalSection
	GlobalSection(SolutionProperties) = preSolution
		HideSolutionNode = FALSE
	EndGlobalSection
	GlobalSection(ExtensibilityGlobals) = postSolution
		SolutionGuid = {2DDE4EF5-0051-4229-BF7C-0E8387FFD927}
	EndGlobalSection
EndGlobal
